// !$*UTF8*$!
{
	archiveVersion = 1;
	classes = {
	};
	objectVersion = 56;
	objects = {

/* Begin PBXBuildFile section */
		BD9CF0B32A3C0B6400CC4573 /* AppDelegate.swift in Sources */ = {isa = PBXBuildFile; fileRef = BD9CF0B22A3C0B6400CC4573 /* AppDelegate.swift */; };
		BD9CF0B72A3C0B6400CC4573 /* HomeViewController.swift in Sources */ = {isa = PBXBuildFile; fileRef = BD9CF0B62A3C0B6400CC4573 /* HomeViewController.swift */; };
		BD9CF0BC2A3C0B6600CC4573 /* Assets.xcassets in Resources */ = {isa = PBXBuildFile; fileRef = BD9CF0BB2A3C0B6600CC4573 /* Assets.xcassets */; };
		BD9CF0BF2A3C0B6600CC4573 /* LaunchScreen.storyboard in Resources */ = {isa = PBXBuildFile; fileRef = BD9CF0BD2A3C0B6600CC4573 /* LaunchScreen.storyboard */; };
		BD9CF0CB2A3C182B00CC4573 /* MoveViewController.swift in Sources */ = {isa = PBXBuildFile; fileRef = BD9CF0CA2A3C182B00CC4573 /* MoveViewController.swift */; };
		BD9CF0CE2A3C327300CC4573 /* ScaleViewController.swift in Sources */ = {isa = PBXBuildFile; fileRef = BD9CF0CD2A3C327300CC4573 /* ScaleViewController.swift */; };
		BD9CF0D12A3C3CA600CC4573 /* RotateViewController.swift in Sources */ = {isa = PBXBuildFile; fileRef = BD9CF0D02A3C3CA600CC4573 /* RotateViewController.swift */; };
		BD9CF0D42A3C3F5A00CC4573 /* ShakeViewController.swift in Sources */ = {isa = PBXBuildFile; fileRef = BD9CF0D32A3C3F5A00CC4573 /* ShakeViewController.swift */; };
		BD9CF0D72A3C43FD00CC4573 /* CirclingViewController.swift in Sources */ = {isa = PBXBuildFile; fileRef = BD9CF0D62A3C43FD00CC4573 /* CirclingViewController.swift */; };
/* End PBXBuildFile section */

/* Begin PBXFileReference section */
		BD9CF0AF2A3C0B6400CC4573 /* CoreAnimationFun.app */ = {isa = PBXFileReference; explicitFileType = wrapper.application; includeInIndex = 0; path = CoreAnimationFun.app; sourceTree = BUILT_PRODUCTS_DIR; };
		BD9CF0B22A3C0B6400CC4573 /* AppDelegate.swift */ = {isa = PBXFileReference; lastKnownFileType = sourcecode.swift; path = AppDelegate.swift; sourceTree = "<group>"; };
		BD9CF0B62A3C0B6400CC4573 /* HomeViewController.swift */ = {isa = PBXFileReference; lastKnownFileType = sourcecode.swift; path = HomeViewController.swift; sourceTree = "<group>"; };
		BD9CF0BB2A3C0B6600CC4573 /* Assets.xcassets */ = {isa = PBXFileReference; lastKnownFileType = folder.assetcatalog; path = Assets.xcassets; sourceTree = "<group>"; };
		BD9CF0BE2A3C0B6600CC4573 /* Base */ = {isa = PBXFileReference; lastKnownFileType = file.storyboard; name = Base; path = Base.lproj/LaunchScreen.storyboard; sourceTree = "<group>"; };
		BD9CF0C02A3C0B6600CC4573 /* Info.plist */ = {isa = PBXFileReference; lastKnownFileType = text.plist.xml; path = Info.plist; sourceTree = "<group>"; };
		BD9CF0CA2A3C182B00CC4573 /* MoveViewController.swift */ = {isa = PBXFileReference; lastKnownFileType = sourcecode.swift; path = MoveViewController.swift; sourceTree = "<group>"; };
		BD9CF0CD2A3C327300CC4573 /* ScaleViewController.swift */ = {isa = PBXFileReference; lastKnownFileType = sourcecode.swift; path = ScaleViewController.swift; sourceTree = "<group>"; };
		BD9CF0D02A3C3CA600CC4573 /* RotateViewController.swift */ = {isa = PBXFileReference; lastKnownFileType = sourcecode.swift; path = RotateViewController.swift; sourceTree = "<group>"; };
		BD9CF0D32A3C3F5A00CC4573 /* ShakeViewController.swift */ = {isa = PBXFileReference; lastKnownFileType = sourcecode.swift; path = ShakeViewController.swift; sourceTree = "<group>"; };
		BD9CF0D62A3C43FD00CC4573 /* CirclingViewController.swift */ = {isa = PBXFileReference; lastKnownFileType = sourcecode.swift; path = CirclingViewController.swift; sourceTree = "<group>"; };
/* End PBXFileReference section */

/* Begin PBXFrameworksBuildPhase section */
		BD9CF0AC2A3C0B6400CC4573 /* Frameworks */ = {
			isa = PBXFrameworksBuildPhase;
			buildActionMask = 2147483647;
			files = (
			);
			runOnlyForDeploymentPostprocessing = 0;
		};
/* End PBXFrameworksBuildPhase section */

/* Begin PBXGroup section */
		BD9CF0A62A3C0B6400CC4573 = {
			isa = PBXGroup;
			children = (
				BD9CF0B12A3C0B6400CC4573 /* CoreAnimationFun */,
				BD9CF0B02A3C0B6400CC4573 /* Products */,
			);
			sourceTree = "<group>";
		};
		BD9CF0B02A3C0B6400CC4573 /* Products */ = {
			isa = PBXGroup;
			children = (
				BD9CF0AF2A3C0B6400CC4573 /* CoreAnimationFun.app */,
			);
			name = Products;
			sourceTree = "<group>";
		};
		BD9CF0B12A3C0B6400CC4573 /* CoreAnimationFun */ = {
			isa = PBXGroup;
			children = (
				BD9CF0B22A3C0B6400CC4573 /* AppDelegate.swift */,
				BD9CF0C82A3C17FA00CC4573 /* Home */,
				BD9CF0C92A3C180900CC4573 /* Move */,
				BD9CF0CC2A3C326100CC4573 /* Scaling */,
				BD9CF0CF2A3C3C8D00CC4573 /* Rotate */,
				BD9CF0D22A3C3F4300CC4573 /* Shake */,
				BD9CF0D52A3C43F100CC4573 /* Circling */,
				BD9CF0C72A3C0BDF00CC4573 /* Files */,
			);
			path = CoreAnimationFun;
			sourceTree = "<group>";
		};
		BD9CF0C72A3C0BDF00CC4573 /* Files */ = {
			isa = PBXGroup;
			children = (
				BD9CF0BB2A3C0B6600CC4573 /* Assets.xcassets */,
				BD9CF0BD2A3C0B6600CC4573 /* LaunchScreen.storyboard */,
				BD9CF0C02A3C0B6600CC4573 /* Info.plist */,
			);
			name = Files;
			sourceTree = "<group>";
		};
		BD9CF0C82A3C17FA00CC4573 /* Home */ = {
			isa = PBXGroup;
			children = (
				BD9CF0B62A3C0B6400CC4573 /* HomeViewController.swift */,
			);
			name = Home;
			sourceTree = "<group>";
		};
		BD9CF0C92A3C180900CC4573 /* Move */ = {
			isa = PBXGroup;
			children = (
				BD9CF0CA2A3C182B00CC4573 /* MoveViewController.swift */,
			);
			name = Move;
			sourceTree = "<group>";
		};
		BD9CF0CC2A3C326100CC4573 /* Scaling */ = {
			isa = PBXGroup;
			children = (
				BD9CF0CD2A3C327300CC4573 /* ScaleViewController.swift */,
			);
			name = Scaling;
			sourceTree = "<group>";
		};
		BD9CF0CF2A3C3C8D00CC4573 /* Rotate */ = {
			isa = PBXGroup;
			children = (
				BD9CF0D02A3C3CA600CC4573 /* RotateViewController.swift */,
			);
			name = Rotate;
			sourceTree = "<group>";
		};
		BD9CF0D22A3C3F4300CC4573 /* Shake */ = {
			isa = PBXGroup;
			children = (
				BD9CF0D32A3C3F5A00CC4573 /* ShakeViewController.swift */,
			);
			name = Shake;
			sourceTree = "<group>";
		};
		BD9CF0D52A3C43F100CC4573 /* Circling */ = {
			isa = PBXGroup;
			children = (
				BD9CF0D62A3C43FD00CC4573 /* CirclingViewController.swift */,
			);
			name = Circling;
			sourceTree = "<group>";
		};
/* End PBXGroup section */

/* Begin PBXNativeTarget section */
		BD9CF0AE2A3C0B6400CC4573 /* CoreAnimationFun */ = {
			isa = PBXNativeTarget;
			buildConfigurationList = BD9CF0C32A3C0B6600CC4573 /* Build configuration list for PBXNativeTarget "CoreAnimationFun" */;
			buildPhases = (
				BD9CF0AB2A3C0B6400CC4573 /* Sources */,
				BD9CF0AC2A3C0B6400CC4573 /* Frameworks */,
				BD9CF0AD2A3C0B6400CC4573 /* Resources */,
			);
			buildRules = (
			);
			dependencies = (
			);
			name = CoreAnimationFun;
			productName = CoreAnimationFun;
			productReference = BD9CF0AF2A3C0B6400CC4573 /* CoreAnimationFun.app */;
			productType = "com.apple.product-type.application";
		};
/* End PBXNativeTarget section */

/* Begin PBXProject section */
		BD9CF0A72A3C0B6400CC4573 /* Project object */ = {
			isa = PBXProject;
			attributes = {
				BuildIndependentTargetsInParallel = 1;
				LastSwiftUpdateCheck = 1420;
				LastUpgradeCheck = 1420;
				TargetAttributes = {
					BD9CF0AE2A3C0B6400CC4573 = {
						CreatedOnToolsVersion = 14.2;
					};
				};
			};
			buildConfigurationList = BD9CF0AA2A3C0B6400CC4573 /* Build configuration list for PBXProject "CoreAnimationFun" */;
			compatibilityVersion = "Xcode 14.0";
			developmentRegion = en;
			hasScannedForEncodings = 0;
			knownRegions = (
				en,
				Base,
			);
			mainGroup = BD9CF0A62A3C0B6400CC4573;
			productRefGroup = BD9CF0B02A3C0B6400CC4573 /* Products */;
			projectDirPath = "";
			projectRoot = "";
			targets = (
				BD9CF0AE2A3C0B6400CC4573 /* CoreAnimationFun */,
			);
		};
/* End PBXProject section */

/* Begin PBXResourcesBuildPhase section */
		BD9CF0AD2A3C0B6400CC4573 /* Resources */ = {
			isa = PBXResourcesBuildPhase;
			buildActionMask = 2147483647;
			files = (
				BD9CF0BF2A3C0B6600CC4573 /* LaunchScreen.storyboard in Resources */,
				BD9CF0BC2A3C0B6600CC4573 /* Assets.xcassets in Resources */,
			);
			runOnlyForDeploymentPostprocessing = 0;
		};
/* End PBXResourcesBuildPhase section */

/* Begin PBXSourcesBuildPhase section */
		BD9CF0AB2A3C0B6400CC4573 /* Sources */ = {
			isa = PBXSourcesBuildPhase;
			buildActionMask = 2147483647;
			files = (
				BD9CF0B72A3C0B6400CC4573 /* HomeViewController.swift in Sources */,
				BD9CF0D72A3C43FD00CC4573 /* CirclingViewController.swift in Sources */,
				BD9CF0D42A3C3F5A00CC4573 /* ShakeViewController.swift in Sources */,
				BD9CF0B32A3C0B6400CC4573 /* AppDelegate.swift in Sources */,
				BD9CF0CB2A3C182B00CC4573 /* MoveViewController.swift in Sources */,
				BD9CF0CE2A3C327300CC4573 /* ScaleViewController.swift in Sources */,
				BD9CF0D12A3C3CA600CC4573 /* RotateViewController.swift in Sources */,
			);
			runOnlyForDeploymentPostprocessing = 0;
		};
/* End PBXSourcesBuildPhase section */

/* Begin PBXVariantGroup section */
		BD9CF0BD2A3C0B6600CC4573 /* LaunchScreen.storyboard */ = {
			isa = PBXVariantGroup;
			children = (
				BD9CF0BE2A3C0B6600CC4573 /* Base */,
			);
			name = LaunchScreen.storyboard;
			sourceTree = "<group>";
		};
/* End PBXVariantGroup section */

/* Begin XCBuildConfiguration section */
		BD9CF0C12A3C0B6600CC4573 /* Debug */ = {
			isa = XCBuildConfiguration;
			buildSettings = {
				ALWAYS_SEARCH_USER_PATHS = NO;
				CLANG_ANALYZER_NONNULL = YES;
				CLANG_ANALYZER_NUMBER_OBJECT_CONVERSION = YES_AGGRESSIVE;
				CLANG_CXX_LANGUAGE_STANDARD = "gnu++20";
				CLANG_ENABLE_MODULES = YES;
				CLANG_ENABLE_OBJC_ARC = YES;
				CLANG_ENABLE_OBJC_WEAK = YES;
				CLANG_WARN_BLOCK_CAPTURE_AUTORELEASING = YES;
				CLANG_WARN_BOOL_CONVERSION = YES;
				CLANG_WARN_COMMA = YES;
				CLANG_WARN_CONSTANT_CONVERSION = YES;
				CLANG_WARN_DEPRECATED_OBJC_IMPLEMENTATIONS = YES;
				CLANG_WARN_DIRECT_OBJC_ISA_USAGE = YES_ERROR;
				CLANG_WARN_DOCUMENTATION_COMMENTS = YES;
				CLANG_WARN_EMPTY_BODY = YES;
				CLANG_WARN_ENUM_CONVERSION = YES;
				CLANG_WARN_INFINITE_RECURSION = YES;
				CLANG_WARN_INT_CONVERSION = YES;
				CLANG_WARN_NON_LITERAL_NULL_CONVERSION = YES;
				CLANG_WARN_OBJC_IMPLICIT_RETAIN_SELF = YES;
				CLANG_WARN_OBJC_LITERAL_CONVERSION = YES;
				CLANG_WARN_OBJC_ROOT_CLASS = YES_ERROR;
				CLANG_WARN_QUOTED_INCLUDE_IN_FRAMEWORK_HEADER = YES;
				CLANG_WARN_RANGE_LOOP_ANALYSIS = YES;
				CLANG_WARN_STRICT_PROTOTYPES = YES;
				CLANG_WARN_SUSPICIOUS_MOVE = YES;
				CLANG_WARN_UNGUARDED_AVAILABILITY = YES_AGGRESSIVE;
				CLANG_WARN_UNREACHABLE_CODE = YES;
				CLANG_WARN__DUPLICATE_METHOD_MATCH = YES;
				COPY_PHASE_STRIP = NO;
				DEBUG_INFORMATION_FORMAT = dwarf;
				ENABLE_STRICT_OBJC_MSGSEND = YES;
				ENABLE_TESTABILITY = YES;
				GCC_C_LANGUAGE_STANDARD = gnu11;
				GCC_DYNAMIC_NO_PIC = NO;
				GCC_NO_COMMON_BLOCKS = YES;
				GCC_OPTIMIZATION_LEVEL = 0;
				GCC_PREPROCESSOR_DEFINITIONS = (
					"DEBUG=1",
					"$(inherited)",
				);
				GCC_WARN_64_TO_32_BIT_CONVERSION = YES;
				GCC_WARN_ABOUT_RETURN_TYPE = YES_ERROR;
				GCC_WARN_UNDECLARED_SELECTOR = YES;
				GCC_WARN_UNINITIALIZED_AUTOS = YES_AGGRESSIVE;
				GCC_WARN_UNUSED_FUNCTION = YES;
				GCC_WARN_UNUSED_VARIABLE = YES;
				IPHONEOS_DEPLOYMENT_TARGET = 16.2;
				MTL_ENABLE_DEBUG_INFO = INCLUDE_SOURCE;
				MTL_FAST_MATH = YES;
				ONLY_ACTIVE_ARCH = YES;
				SDKROOT = iphoneos;
				SWIFT_ACTIVE_COMPILATION_CONDITIONS = DEBUG;
				SWIFT_OPTIMIZATION_LEVEL = "-Onone";
			};
			name = Debug;
		};
		BD9CF0C22A3C0B6600CC4573 /* Release */ = {
			isa = XCBuildConfiguration;
			buildSettings = {
				ALWAYS_SEARCH_USER_PATHS = NO;
				CLANG_ANALYZER_NONNULL = YES;
				CLANG_ANALYZER_NUMBER_OBJECT_CONVERSION = YES_AGGRESSIVE;
				CLANG_CXX_LANGUAGE_STANDARD = "gnu++20";
				CLANG_ENABLE_MODULES = YES;
				CLANG_ENABLE_OBJC_ARC = YES;
				CLANG_ENABLE_OBJC_WEAK = YES;
				CLANG_WARN_BLOCK_CAPTURE_AUTORELEASING = YES;
				CLANG_WARN_BOOL_CONVERSION = YES;
				CLANG_WARN_COMMA = YES;
				CLANG_WARN_CONSTANT_CONVERSION = YES;
				CLANG_WARN_DEPRECATED_OBJC_IMPLEMENTATIONS = YES;
				CLANG_WARN_DIRECT_OBJC_ISA_USAGE = YES_ERROR;
				CLANG_WARN_DOCUMENTATION_COMMENTS = YES;
				CLANG_WARN_EMPTY_BODY = YES;
				CLANG_WARN_ENUM_CONVERSION = YES;
				CLANG_WARN_INFINITE_RECURSION = YES;
				CLANG_WARN_INT_CONVERSION = YES;
				CLANG_WARN_NON_LITERAL_NULL_CONVERSION = YES;
				CLANG_WARN_OBJC_IMPLICIT_RETAIN_SELF = YES;
				CLANG_WARN_OBJC_LITERAL_CONVERSION = YES;
				CLANG_WARN_OBJC_ROOT_CLASS = YES_ERROR;
				CLANG_WARN_QUOTED_INCLUDE_IN_FRAMEWORK_HEADER = YES;
				CLANG_WARN_RANGE_LOOP_ANALYSIS = YES;
				CLANG_WARN_STRICT_PROTOTYPES = YES;
				CLANG_WARN_SUSPICIOUS_MOVE = YES;
				CLANG_WARN_UNGUARDED_AVAILABILITY = YES_AGGRESSIVE;
				CLANG_WARN_UNREACHABLE_CODE = YES;
				CLANG_WARN__DUPLICATE_METHOD_MATCH = YES;
				COPY_PHASE_STRIP = NO;
				DEBUG_INFORMATION_FORMAT = "dwarf-with-dsym";
				ENABLE_NS_ASSERTIONS = NO;
				ENABLE_STRICT_OBJC_MSGSEND = YES;
				GCC_C_LANGUAGE_STANDARD = gnu11;
				GCC_NO_COMMON_BLOCKS = YES;
				GCC_WARN_64_TO_32_BIT_CONVERSION = YES;
				GCC_WARN_ABOUT_RETURN_TYPE = YES_ERROR;
				GCC_WARN_UNDECLARED_SELECTOR = YES;
				GCC_WARN_UNINITIALIZED_AUTOS = YES_AGGRESSIVE;
				GCC_WARN_UNUSED_FUNCTION = YES;
				GCC_WARN_UNUSED_VARIABLE = YES;
				IPHONEOS_DEPLOYMENT_TARGET = 16.2;
				MTL_ENABLE_DEBUG_INFO = NO;
				MTL_FAST_MATH = YES;
				SDKROOT = iphoneos;
				SWIFT_COMPILATION_MODE = wholemodule;
				SWIFT_OPTIMIZATION_LEVEL = "-O";
				VALIDATE_PRODUCT = YES;
			};
			name = Release;
		};
		BD9CF0C42A3C0B6600CC4573 /* Debug */ = {
			isa = XCBuildConfiguration;
			buildSettings = {
				ASSETCATALOG_COMPILER_APPICON_NAME = AppIcon;
				ASSETCATALOG_COMPILER_GLOBAL_ACCENT_COLOR_NAME = AccentColor;
				CODE_SIGN_STYLE = Automatic;
				CURRENT_PROJECT_VERSION = 1;
				DEVELOPMENT_TEAM = 72N9N734WV;
				GENERATE_INFOPLIST_FILE = YES;
				INFOPLIST_FILE = CoreAnimationFun/Info.plist;
				INFOPLIST_KEY_UIApplicationSupportsIndirectInputEvents = YES;
				INFOPLIST_KEY_UILaunchStoryboardName = LaunchScreen;
				INFOPLIST_KEY_UISupportedInterfaceOrientations_iPad = "UIInterfaceOrientationPortrait UIInterfaceOrientationPortraitUpsideDown UIInterfaceOrientationLandscapeLeft UIInterfaceOrientationLandscapeRight";
				INFOPLIST_KEY_UISupportedInterfaceOrientations_iPhone = "UIInterfaceOrientationPortrait UIInterfaceOrientationLandscapeLeft UIInterfaceOrientationLandscapeRight";
				LD_RUNPATH_SEARCH_PATHS = (
					"$(inherited)",
					"@executable_path/Frameworks",
				);
				MARKETING_VERSION = 1.0;
				PRODUCT_BUNDLE_IDENTIFIER = com.CoreAnimationFun;
				PRODUCT_NAME = "$(TARGET_NAME)";
				SWIFT_EMIT_LOC_STRINGS = YES;
				SWIFT_VERSION = 5.0;
				TARGETED_DEVICE_FAMILY = "1,2";
			};
			name = Debug;
		};
		BD9CF0C52A3C0B6600CC4573 /* Release */ = {
			isa = XCBuildConfiguration;
			buildSettings = {
				ASSETCATALOG_COMPILER_APPICON_NAME = AppIcon;
				ASSETCATALOG_COMPILER_GLOBAL_ACCENT_COLOR_NAME = AccentColor;
				CODE_SIGN_STYLE = Automatic;
				CURRENT_PROJECT_VERSION = 1;
				DEVELOPMENT_TEAM = 72N9N734WV;
				GENERATE_INFOPLIST_FILE = YES;
				INFOPLIST_FILE = CoreAnimationFun/Info.plist;
				INFOPLIST_KEY_UIApplicationSupportsIndirectInputEvents = YES;
				INFOPLIST_KEY_UILaunchStoryboardName = LaunchScreen;
				INFOPLIST_KEY_UISupportedInterfaceOrientations_iPad = "UIInterfaceOrientationPortrait UIInterfaceOrientationPortraitUpsideDown UIInterfaceOrientationLandscapeLeft UIInterfaceOrientationLandscapeRight";
				INFOPLIST_KEY_UISupportedInterfaceOrientations_iPhone = "UIInterfaceOrientationPortrait UIInterfaceOrientationLandscapeLeft UIInterfaceOrientationLandscapeRight";
				LD_RUNPATH_SEARCH_PATHS = (
					"$(inherited)",
					"@executable_path/Frameworks",
				);
				MARKETING_VERSION = 1.0;
				PRODUCT_BUNDLE_IDENTIFIER = com.CoreAnimationFun;
				PRODUCT_NAME = "$(TARGET_NAME)";
				SWIFT_EMIT_LOC_STRINGS = YES;
				SWIFT_VERSION = 5.0;
				TARGETED_DEVICE_FAMILY = "1,2";
			};
			name = Release;
		};
/* End XCBuildConfiguration section */

/* Begin XCConfigurationList section */
		BD9CF0AA2A3C0B6400CC4573 /* Build configuration list for PBXProject "CoreAnimationFun" */ = {
			isa = XCConfigurationList;
			buildConfigurations = (
				BD9CF0C12A3C0B6600CC4573 /* Debug */,
				BD9CF0C22A3C0B6600CC4573 /* Release */,
			);
			defaultConfigurationIsVisible = 0;
			defaultConfigurationName = Release;
		};
		BD9CF0C32A3C0B6600CC4573 /* Build configuration list for PBXNativeTarget "CoreAnimationFun" */ = {
			isa = XCConfigurationList;
			buildConfigurations = (
				BD9CF0C42A3C0B6600CC4573 /* Debug */,
				BD9CF0C52A3C0B6600CC4573 /* Release */,
			);
			defaultConfigurationIsVisible = 0;
			defaultConfigurationName = Release;
		};
/* End XCConfigurationList section */
	};
	rootObject = BD9CF0A72A3C0B6400CC4573 /* Project object */;
}
